
Microsoft Visual Studio Solution File, Format Version 12.00
# Visual Studio Version 17
VisualStudioVersion = 17.0.32112.339
MinimumVisualStudioVersion = 10.0.40219.1
Project("{FAE04EC0-301F-11D3-BF4B-00C04F79EFBC}") = "ConsoleLoadingAnimation", "ConsoleLoadingAnimation.csproj", "{51987773-E622-435A-9BB6-51CF1231C093}"
EndProject
Global
	GlobalSection(SolutionConfigurationPlatforms) = preSolution
		Debug|Any CPU = Debug|Any CPU
		Release|Any CPU = Release|Any CPU
	EndGlobalSection
	GlobalSection(ProjectConfigurationPlatforms) = postSolution
		{51987773-E622-435A-9BB6-51CF1231C093}.Debug|Any CPU.ActiveCfg = Debug|Any CPU
		{51987773-E622-435A-9BB6-51CF1231C093}.Debug|Any CPU.Build.0 = Debug|Any CPU
		{51987773-E622-435A-9BB6-51CF1231C093}.Release|Any CPU.ActiveCfg = Release|Any CPU
		{51987773-E622-435A-9BB6-51CF1231C093}.Release|Any CPU.Build.0 = Release|Any CPU
	EndGlobalSection
	GlobalSection(SolutionProperties) = preSolution
		HideSolutionNode = FALSE
	EndGlobalSection
	GlobalSection(ExtensibilityGlobals) = postSolution
		SolutionGuid = {1AF97B09-6FE4-4E63-B62A-481BF423498D}
	EndGlobalSection
EndGlobal
